
Microsoft Visual Studio Solution File, Format Version 12.00
# Visual Studio Version 17
VisualStudioVersion = 17.11.35327.3
MinimumVisualStudioVersion = 10.0.40219.1
Project("{8BC9CEB8-8B4A-11D0-8D11-00A0C91BC942}") = "Chapter4_GeometryCalculator", "Chapter4_GeometryCalculator\Chapter4_GeometryCalculator.vcxproj", "{6E192316-3E3D-46B1-A978-36F4B9B7A607}"
EndProject
Global
	GlobalSection(SolutionConfigurationPlatforms) = preSolution
		Debug|x64 = Debug|x64
		Debug|x86 = Debug|x86
		Release|x64 = Release|x64
		Release|x86 = Release|x86
	EndGlobalSection
	GlobalSection(ProjectConfigurationPlatforms) = postSolution
		{6E192316-3E3D-46B1-A978-36F4B9B7A607}.Debug|x64.ActiveCfg = Debug|x64
		{6E192316-3E3D-46B1-A978-36F4B9B7A607}.Debug|x64.Build.0 = Debug|x64
		{6E192316-3E3D-46B1-A978-36F4B9B7A607}.Debug|x86.ActiveCfg = Debug|Win32
		{6E192316-3E3D-46B1-A978-36F4B9B7A607}.Debug|x86.Build.0 = Debug|Win32
		{6E192316-3E3D-46B1-A978-36F4B9B7A607}.Release|x64.ActiveCfg = Release|x64
		{6E192316-3E3D-46B1-A978-36F4B9B7A607}.Release|x64.Build.0 = Release|x64
		{6E192316-3E3D-46B1-A978-36F4B9B7A607}.Release|x86.ActiveCfg = Release|Win32
		{6E192316-3E3D-46B1-A978-36F4B9B7A607}.Release|x86.Build.0 = Release|Win32
	EndGlobalSection
	GlobalSection(SolutionProperties) = preSolution
		HideSolutionNode = FALSE
	EndGlobalSection
	GlobalSection(ExtensibilityGlobals) = postSolution
		SolutionGuid = {8C70D2D9-1C33-40B4-8243-2C4B7FFC81A9}
	EndGlobalSection
EndGlobal
